
Microsoft Visual Studio Solution File, Format Version 12.00
# Visual Studio Version 17
VisualStudioVersion = 17.0.31912.275
MinimumVisualStudioVersion = 10.0.40219.1
Project("{9A19103F-16F7-4668-BE54-9A1E7A4F7556}") = "TopShopBuyer", "TopShopBuyer\TopShopBuyer.csproj", "{1AB6FD19-671D-4EB3-8E2F-2F24F406666F}"
EndProject
Global
	GlobalSection(SolutionConfigurationPlatforms) = preSolution
		Debug|Any CPU = Debug|Any CPU
		Release|Any CPU = Release|Any CPU
	EndGlobalSection
	GlobalSection(ProjectConfigurationPlatforms) = postSolution
		{1AB6FD19-671D-4EB3-8E2F-2F24F406666F}.Debug|Any CPU.ActiveCfg = Debug|Any CPU
		{1AB6FD19-671D-4EB3-8E2F-2F24F406666F}.Debug|Any CPU.Build.0 = Debug|Any CPU
		{1AB6FD19-671D-4EB3-8E2F-2F24F406666F}.Release|Any CPU.ActiveCfg = Release|Any CPU
		{1AB6FD19-671D-4EB3-8E2F-2F24F406666F}.Release|Any CPU.Build.0 = Release|Any CPU
	EndGlobalSection
	GlobalSection(SolutionProperties) = preSolution
		HideSolutionNode = FALSE
	EndGlobalSection
	GlobalSection(ExtensibilityGlobals) = postSolution
		SolutionGuid = {E66E315E-F7F9-4AC8-89A9-4D4A9AB07BEE}
	EndGlobalSection
EndGlobal
